// !$*UTF8*$!
{
	archiveVersion = 1;
	classes = {
	};
	objectVersion = 50;
	objects = {

/* Begin PBXBuildFile section */
		D638392C2461B2C600E49E1D /* MediaCollectionViewCell.swift in Sources */ = {isa = PBXBuildFile; fileRef = D638392B2461B2C600E49E1D /* MediaCollectionViewCell.swift */; };
		D65501F42460DCB5007634F5 /* DataController.swift in Sources */ = {isa = PBXBuildFile; fileRef = D65501F32460DCB5007634F5 /* DataController.swift */; };
		D65501F72460DCCB007634F5 /* VirtualTourist.xcdatamodeld in Sources */ = {isa = PBXBuildFile; fileRef = D65501F52460DCCB007634F5 /* VirtualTourist.xcdatamodeld */; };
		D65501FA2461010F007634F5 /* Pin+Extensions.swift in Sources */ = {isa = PBXBuildFile; fileRef = D65501F92461010F007634F5 /* Pin+Extensions.swift */; };
		D65501FC24610125007634F5 /* Image+Extensions.swift in Sources */ = {isa = PBXBuildFile; fileRef = D65501FB24610125007634F5 /* Image+Extensions.swift */; };
		D65502002461246D007634F5 /* MediaCollectionViewController.swift in Sources */ = {isa = PBXBuildFile; fileRef = D65501FF2461246D007634F5 /* MediaCollectionViewController.swift */; };
		D6F4EE0424608FEE00777D08 /* AppDelegate.swift in Sources */ = {isa = PBXBuildFile; fileRef = D6F4EE0324608FEE00777D08 /* AppDelegate.swift */; };
		D6F4EE0624608FEE00777D08 /* SceneDelegate.swift in Sources */ = {isa = PBXBuildFile; fileRef = D6F4EE0524608FEE00777D08 /* SceneDelegate.swift */; };
		D6F4EE0824608FEE00777D08 /* MapViewController.swift in Sources */ = {isa = PBXBuildFile; fileRef = D6F4EE0724608FEE00777D08 /* MapViewController.swift */; };
		D6F4EE0B24608FEE00777D08 /* Main.storyboard in Resources */ = {isa = PBXBuildFile; fileRef = D6F4EE0924608FEE00777D08 /* Main.storyboard */; };
		D6F4EE0D24608FF600777D08 /* Assets.xcassets in Resources */ = {isa = PBXBuildFile; fileRef = D6F4EE0C24608FF600777D08 /* Assets.xcassets */; };
		D6F4EE1024608FF600777D08 /* LaunchScreen.storyboard in Resources */ = {isa = PBXBuildFile; fileRef = D6F4EE0E24608FF600777D08 /* LaunchScreen.storyboard */; };
		D6F4EE1E24609E1100777D08 /* FlickrClient.swift in Sources */ = {isa = PBXBuildFile; fileRef = D6F4EE1D24609E1100777D08 /* FlickrClient.swift */; };
		D6F4EE222460A7F600777D08 /* ImagesSearchResponse.swift in Sources */ = {isa = PBXBuildFile; fileRef = D6F4EE212460A7F600777D08 /* ImagesSearchResponse.swift */; };
/* End PBXBuildFile section */

/* Begin PBXFileReference section */
		D638392B2461B2C600E49E1D /* MediaCollectionViewCell.swift */ = {isa = PBXFileReference; lastKnownFileType = sourcecode.swift; path = MediaCollectionViewCell.swift; sourceTree = "<group>"; };
		D65501F32460DCB5007634F5 /* DataController.swift */ = {isa = PBXFileReference; lastKnownFileType = sourcecode.swift; path = DataController.swift; sourceTree = "<group>"; };
		D65501F62460DCCB007634F5 /* VirtualTourist.xcdatamodel */ = {isa = PBXFileReference; lastKnownFileType = wrapper.xcdatamodel; path = VirtualTourist.xcdatamodel; sourceTree = "<group>"; };
		D65501F92461010F007634F5 /* Pin+Extensions.swift */ = {isa = PBXFileReference; lastKnownFileType = sourcecode.swift; path = "Pin+Extensions.swift"; sourceTree = "<group>"; };
		D65501FB24610125007634F5 /* Image+Extensions.swift */ = {isa = PBXFileReference; lastKnownFileType = sourcecode.swift; path = "Image+Extensions.swift"; sourceTree = "<group>"; };
		D65501FF2461246D007634F5 /* MediaCollectionViewController.swift */ = {isa = PBXFileReference; lastKnownFileType = sourcecode.swift; path = MediaCollectionViewController.swift; sourceTree = "<group>"; };
		D6F4EE0024608FEE00777D08 /* Virtual Tourist.app */ = {isa = PBXFileReference; explicitFileType = wrapper.application; includeInIndex = 0; path = "Virtual Tourist.app"; sourceTree = BUILT_PRODUCTS_DIR; };
		D6F4EE0324608FEE00777D08 /* AppDelegate.swift */ = {isa = PBXFileReference; lastKnownFileType = sourcecode.swift; path = AppDelegate.swift; sourceTree = "<group>"; };
		D6F4EE0524608FEE00777D08 /* SceneDelegate.swift */ = {isa = PBXFileReference; lastKnownFileType = sourcecode.swift; path = SceneDelegate.swift; sourceTree = "<group>"; };
		D6F4EE0724608FEE00777D08 /* MapViewController.swift */ = {isa = PBXFileReference; lastKnownFileType = sourcecode.swift; path = MapViewController.swift; sourceTree = "<group>"; };
		D6F4EE0A24608FEE00777D08 /* Base */ = {isa = PBXFileReference; lastKnownFileType = file.storyboard; name = Base; path = Base.lproj/Main.storyboard; sourceTree = "<group>"; };
		D6F4EE0C24608FF600777D08 /* Assets.xcassets */ = {isa = PBXFileReference; lastKnownFileType = folder.assetcatalog; path = Assets.xcassets; sourceTree = "<group>"; };
		D6F4EE0F24608FF600777D08 /* Base */ = {isa = PBXFileReference; lastKnownFileType = file.storyboard; name = Base; path = Base.lproj/LaunchScreen.storyboard; sourceTree = "<group>"; };
		D6F4EE1124608FF600777D08 /* Info.plist */ = {isa = PBXFileReference; lastKnownFileType = text.plist.xml; path = Info.plist; sourceTree = "<group>"; };
		D6F4EE1D24609E1100777D08 /* FlickrClient.swift */ = {isa = PBXFileReference; lastKnownFileType = sourcecode.swift; path = FlickrClient.swift; sourceTree = "<group>"; };
		D6F4EE212460A7F600777D08 /* ImagesSearchResponse.swift */ = {isa = PBXFileReference; lastKnownFileType = sourcecode.swift; path = ImagesSearchResponse.swift; sourceTree = "<group>"; };
/* End PBXFileReference section */

/* Begin PBXFrameworksBuildPhase section */
		D6F4EDFD24608FEE00777D08 /* Frameworks */ = {
			isa = PBXFrameworksBuildPhase;
			buildActionMask = 2147483647;
			files = (
			);
			runOnlyForDeploymentPostprocessing = 0;
		};
/* End PBXFrameworksBuildPhase section */

/* Begin PBXGroup section */
		D65501F8246100E8007634F5 /* Managed Object Extensions */ = {
			isa = PBXGroup;
			children = (
				D65501F92461010F007634F5 /* Pin+Extensions.swift */,
				D65501FB24610125007634F5 /* Image+Extensions.swift */,
			);
			path = "Managed Object Extensions";
			sourceTree = "<group>";
		};
		D6F4EDF724608FED00777D08 = {
			isa = PBXGroup;
			children = (
				D6F4EE0224608FEE00777D08 /* Virtual Tourist */,
				D6F4EE0124608FEE00777D08 /* Products */,
			);
			sourceTree = "<group>";
		};
		D6F4EE0124608FEE00777D08 /* Products */ = {
			isa = PBXGroup;
			children = (
				D6F4EE0024608FEE00777D08 /* Virtual Tourist.app */,
			);
			name = Products;
			sourceTree = "<group>";
		};
		D6F4EE0224608FEE00777D08 /* Virtual Tourist */ = {
			isa = PBXGroup;
			children = (
				D6F4EE0324608FEE00777D08 /* AppDelegate.swift */,
				D6F4EE0524608FEE00777D08 /* SceneDelegate.swift */,
				D6F4EE1A246090E700777D08 /* Model */,
				D6F4EE19246090CE00777D08 /* Controller */,
				D6F4EE1B246090EF00777D08 /* View */,
				D6F4EE172460908800777D08 /* Storyboard */,
				D6F4EE18246090A800777D08 /* Assets */,
				D6F4EE1124608FF600777D08 /* Info.plist */,
			);
			path = "Virtual Tourist";
			sourceTree = "<group>";
		};
		D6F4EE172460908800777D08 /* Storyboard */ = {
			isa = PBXGroup;
			children = (
				D6F4EE0924608FEE00777D08 /* Main.storyboard */,
				D6F4EE0E24608FF600777D08 /* LaunchScreen.storyboard */,
			);
			path = Storyboard;
			sourceTree = "<group>";
		};
		D6F4EE18246090A800777D08 /* Assets */ = {
			isa = PBXGroup;
			children = (
				D6F4EE0C24608FF600777D08 /* Assets.xcassets */,
			);
			path = Assets;
			sourceTree = "<group>";
		};
		D6F4EE19246090CE00777D08 /* Controller */ = {
			isa = PBXGroup;
			children = (
				D6F4EE0724608FEE00777D08 /* MapViewController.swift */,
				D65501FF2461246D007634F5 /* MediaCollectionViewController.swift */,
			);
			path = Controller;
			sourceTree = "<group>";
		};
		D6F4EE1A246090E700777D08 /* Model */ = {
			isa = PBXGroup;
			children = (
				D6F4EE1F24609E4400777D08 /* Client */,
				D6F4EE202460A7CA00777D08 /* Response */,
				D6F4EE1C24609DA000777D08 /* Data */,
			);
			path = Model;
			sourceTree = "<group>";
		};
		D6F4EE1B246090EF00777D08 /* View */ = {
			isa = PBXGroup;
			children = (
				D638392B2461B2C600E49E1D /* MediaCollectionViewCell.swift */,
			);
			path = View;
			sourceTree = "<group>";
		};
		D6F4EE1C24609DA000777D08 /* Data */ = {
			isa = PBXGroup;
			children = (
				D65501F8246100E8007634F5 /* Managed Object Extensions */,
				D65501F52460DCCB007634F5 /* VirtualTourist.xcdatamodeld */,
				D65501F32460DCB5007634F5 /* DataController.swift */,
			);
			path = Data;
			sourceTree = "<group>";
		};
		D6F4EE1F24609E4400777D08 /* Client */ = {
			isa = PBXGroup;
			children = (
				D6F4EE1D24609E1100777D08 /* FlickrClient.swift */,
			);
			path = Client;
			sourceTree = "<group>";
		};
		D6F4EE202460A7CA00777D08 /* Response */ = {
			isa = PBXGroup;
			children = (
				D6F4EE212460A7F600777D08 /* ImagesSearchResponse.swift */,
			);
			path = Response;
			sourceTree = "<group>";
		};
/* End PBXGroup section */

/* Begin PBXNativeTarget section */
		D6F4EDFF24608FEE00777D08 /* Virtual Tourist */ = {
			isa = PBXNativeTarget;
			buildConfigurationList = D6F4EE1424608FF600777D08 /* Build configuration list for PBXNativeTarget "Virtual Tourist" */;
			buildPhases = (
				D6F4EDFC24608FEE00777D08 /* Sources */,
				D6F4EDFD24608FEE00777D08 /* Frameworks */,
				D6F4EDFE24608FEE00777D08 /* Resources */,
			);
			buildRules = (
			);
			dependencies = (
			);
			name = "Virtual Tourist";
			productName = "Virtual Tourist";
			productReference = D6F4EE0024608FEE00777D08 /* Virtual Tourist.app */;
			productType = "com.apple.product-type.application";
		};
/* End PBXNativeTarget section */

/* Begin PBXProject section */
		D6F4EDF824608FED00777D08 /* Project object */ = {
			isa = PBXProject;
			attributes = {
				LastSwiftUpdateCheck = 1140;
				LastUpgradeCheck = 1140;
				ORGANIZATIONNAME = "Mahmoud Elkarargy";
				TargetAttributes = {
					D6F4EDFF24608FEE00777D08 = {
						CreatedOnToolsVersion = 11.4.1;
					};
				};
			};
			buildConfigurationList = D6F4EDFB24608FEE00777D08 /* Build configuration list for PBXProject "Virtual Tourist" */;
			compatibilityVersion = "Xcode 9.3";
			developmentRegion = en;
			hasScannedForEncodings = 0;
			knownRegions = (
				en,
				Base,
			);
			mainGroup = D6F4EDF724608FED00777D08;
			productRefGroup = D6F4EE0124608FEE00777D08 /* Products */;
			projectDirPath = "";
			projectRoot = "";
			targets = (
				D6F4EDFF24608FEE00777D08 /* Virtual Tourist */,
			);
		};
/* End PBXProject section */

/* Begin PBXResourcesBuildPhase section */
		D6F4EDFE24608FEE00777D08 /* Resources */ = {
			isa = PBXResourcesBuildPhase;
			buildActionMask = 2147483647;
			files = (
				D6F4EE1024608FF600777D08 /* LaunchScreen.storyboard in Resources */,
				D6F4EE0D24608FF600777D08 /* Assets.xcassets in Resources */,
				D6F4EE0B24608FEE00777D08 /* Main.storyboard in Resources */,
			);
			runOnlyForDeploymentPostprocessing = 0;
		};
/* End PBXResourcesBuildPhase section */

/* Begin PBXSourcesBuildPhase section */
		D6F4EDFC24608FEE00777D08 /* Sources */ = {
			isa = PBXSourcesBuildPhase;
			buildActionMask = 2147483647;
			files = (
				D65501FC24610125007634F5 /* Image+Extensions.swift in Sources */,
				D65501F72460DCCB007634F5 /* VirtualTourist.xcdatamodeld in Sources */,
				D65501FA2461010F007634F5 /* Pin+Extensions.swift in Sources */,
				D6F4EE0824608FEE00777D08 /* MapViewController.swift in Sources */,
				D65501F42460DCB5007634F5 /* DataController.swift in Sources */,
				D6F4EE0424608FEE00777D08 /* AppDelegate.swift in Sources */,
				D6F4EE222460A7F600777D08 /* ImagesSearchResponse.swift in Sources */,
				D65502002461246D007634F5 /* MediaCollectionViewController.swift in Sources */,
				D6F4EE1E24609E1100777D08 /* FlickrClient.swift in Sources */,
				D638392C2461B2C600E49E1D /* MediaCollectionViewCell.swift in Sources */,
				D6F4EE0624608FEE00777D08 /* SceneDelegate.swift in Sources */,
			);
			runOnlyForDeploymentPostprocessing = 0;
		};
/* End PBXSourcesBuildPhase section */

/* Begin PBXVariantGroup section */
		D6F4EE0924608FEE00777D08 /* Main.storyboard */ = {
			isa = PBXVariantGroup;
			children = (
				D6F4EE0A24608FEE00777D08 /* Base */,
			);
			name = Main.storyboard;
			sourceTree = "<group>";
		};
		D6F4EE0E24608FF600777D08 /* LaunchScreen.storyboard */ = {
			isa = PBXVariantGroup;
			children = (
				D6F4EE0F24608FF600777D08 /* Base */,
			);
			name = LaunchScreen.storyboard;
			sourceTree = "<group>";
		};
/* End PBXVariantGroup section */

/* Begin XCBuildConfiguration section */
		D6F4EE1224608FF600777D08 /* Debug */ = {
			isa = XCBuildConfiguration;
			buildSettings = {
				ALWAYS_SEARCH_USER_PATHS = NO;
				CLANG_ANALYZER_NONNULL = YES;
				CLANG_ANALYZER_NUMBER_OBJECT_CONVERSION = YES_AGGRESSIVE;
				CLANG_CXX_LANGUAGE_STANDARD = "gnu++14";
				CLANG_CXX_LIBRARY = "libc++";
				CLANG_ENABLE_MODULES = YES;
				CLANG_ENABLE_OBJC_ARC = YES;
				CLANG_ENABLE_OBJC_WEAK = YES;
				CLANG_WARN_BLOCK_CAPTURE_AUTORELEASING = YES;
				CLANG_WARN_BOOL_CONVERSION = YES;
				CLANG_WARN_COMMA = YES;
				CLANG_WARN_CONSTANT_CONVERSION = YES;
				CLANG_WARN_DEPRECATED_OBJC_IMPLEMENTATIONS = YES;
				CLANG_WARN_DIRECT_OBJC_ISA_USAGE = YES_ERROR;
				CLANG_WARN_DOCUMENTATION_COMMENTS = YES;
				CLANG_WARN_EMPTY_BODY = YES;
				CLANG_WARN_ENUM_CONVERSION = YES;
				CLANG_WARN_INFINITE_RECURSION = YES;
				CLANG_WARN_INT_CONVERSION = YES;
				CLANG_WARN_NON_LITERAL_NULL_CONVERSION = YES;
				CLANG_WARN_OBJC_IMPLICIT_RETAIN_SELF = YES;
				CLANG_WARN_OBJC_LITERAL_CONVERSION = YES;
				CLANG_WARN_OBJC_ROOT_CLASS = YES_ERROR;
				CLANG_WARN_RANGE_LOOP_ANALYSIS = YES;
				CLANG_WARN_STRICT_PROTOTYPES = YES;
				CLANG_WARN_SUSPICIOUS_MOVE = YES;
				CLANG_WARN_UNGUARDED_AVAILABILITY = YES_AGGRESSIVE;
				CLANG_WARN_UNREACHABLE_CODE = YES;
				CLANG_WARN__DUPLICATE_METHOD_MATCH = YES;
				COPY_PHASE_STRIP = NO;
				DEBUG_INFORMATION_FORMAT = dwarf;
				ENABLE_STRICT_OBJC_MSGSEND = YES;
				ENABLE_TESTABILITY = YES;
				GCC_C_LANGUAGE_STANDARD = gnu11;
				GCC_DYNAMIC_NO_PIC = NO;
				GCC_NO_COMMON_BLOCKS = YES;
				GCC_OPTIMIZATION_LEVEL = 0;
				GCC_PREPROCESSOR_DEFINITIONS = (
					"DEBUG=1",
					"$(inherited)",
				);
				GCC_WARN_64_TO_32_BIT_CONVERSION = YES;
				GCC_WARN_ABOUT_RETURN_TYPE = YES_ERROR;
				GCC_WARN_UNDECLARED_SELECTOR = YES;
				GCC_WARN_UNINITIALIZED_AUTOS = YES_AGGRESSIVE;
				GCC_WARN_UNUSED_FUNCTION = YES;
				GCC_WARN_UNUSED_VARIABLE = YES;
				IPHONEOS_DEPLOYMENT_TARGET = 13.4;
				MTL_ENABLE_DEBUG_INFO = INCLUDE_SOURCE;
				MTL_FAST_MATH = YES;
				ONLY_ACTIVE_ARCH = YES;
				SDKROOT = iphoneos;
				SWIFT_ACTIVE_COMPILATION_CONDITIONS = DEBUG;
				SWIFT_OPTIMIZATION_LEVEL = "-Onone";
			};
			name = Debug;
		};
		D6F4EE1324608FF600777D08 /* Release */ = {
			isa = XCBuildConfiguration;
			buildSettings = {
				ALWAYS_SEARCH_USER_PATHS = NO;
				CLANG_ANALYZER_NONNULL = YES;
				CLANG_ANALYZER_NUMBER_OBJECT_CONVERSION = YES_AGGRESSIVE;
				CLANG_CXX_LANGUAGE_STANDARD = "gnu++14";
				CLANG_CXX_LIBRARY = "libc++";
				CLANG_ENABLE_MODULES = YES;
				CLANG_ENABLE_OBJC_ARC = YES;
				CLANG_ENABLE_OBJC_WEAK = YES;
				CLANG_WARN_BLOCK_CAPTURE_AUTORELEASING = YES;
				CLANG_WARN_BOOL_CONVERSION = YES;
				CLANG_WARN_COMMA = YES;
				CLANG_WARN_CONSTANT_CONVERSION = YES;
				CLANG_WARN_DEPRECATED_OBJC_IMPLEMENTATIONS = YES;
				CLANG_WARN_DIRECT_OBJC_ISA_USAGE = YES_ERROR;
				CLANG_WARN_DOCUMENTATION_COMMENTS = YES;
				CLANG_WARN_EMPTY_BODY = YES;
				CLANG_WARN_ENUM_CONVERSION = YES;
				CLANG_WARN_INFINITE_RECURSION = YES;
				CLANG_WARN_INT_CONVERSION = YES;
				CLANG_WARN_NON_LITERAL_NULL_CONVERSION = YES;
				CLANG_WARN_OBJC_IMPLICIT_RETAIN_SELF = YES;
				CLANG_WARN_OBJC_LITERAL_CONVERSION = YES;
				CLANG_WARN_OBJC_ROOT_CLASS = YES_ERROR;
				CLANG_WARN_RANGE_LOOP_ANALYSIS = YES;
				CLANG_WARN_STRICT_PROTOTYPES = YES;
				CLANG_WARN_SUSPICIOUS_MOVE = YES;
				CLANG_WARN_UNGUARDED_AVAILABILITY = YES_AGGRESSIVE;
				CLANG_WARN_UNREACHABLE_CODE = YES;
				CLANG_WARN__DUPLICATE_METHOD_MATCH = YES;
				COPY_PHASE_STRIP = NO;
				DEBUG_INFORMATION_FORMAT = "dwarf-with-dsym";
				ENABLE_NS_ASSERTIONS = NO;
				ENABLE_STRICT_OBJC_MSGSEND = YES;
				GCC_C_LANGUAGE_STANDARD = gnu11;
				GCC_NO_COMMON_BLOCKS = YES;
				GCC_WARN_64_TO_32_BIT_CONVERSION = YES;
				GCC_WARN_ABOUT_RETURN_TYPE = YES_ERROR;
				GCC_WARN_UNDECLARED_SELECTOR = YES;
				GCC_WARN_UNINITIALIZED_AUTOS = YES_AGGRESSIVE;
				GCC_WARN_UNUSED_FUNCTION = YES;
				GCC_WARN_UNUSED_VARIABLE = YES;
				IPHONEOS_DEPLOYMENT_TARGET = 13.4;
				MTL_ENABLE_DEBUG_INFO = NO;
				MTL_FAST_MATH = YES;
				SDKROOT = iphoneos;
				SWIFT_COMPILATION_MODE = wholemodule;
				SWIFT_OPTIMIZATION_LEVEL = "-O";
				VALIDATE_PRODUCT = YES;
			};
			name = Release;
		};
		D6F4EE1524608FF600777D08 /* Debug */ = {
			isa = XCBuildConfiguration;
			buildSettings = {
				ASSETCATALOG_COMPILER_APPICON_NAME = AppIcon;
				CODE_SIGN_STYLE = Automatic;
				INFOPLIST_FILE = "Virtual Tourist/Info.plist";
				LD_RUNPATH_SEARCH_PATHS = (
					"$(inherited)",
					"@executable_path/Frameworks",
				);
				PRODUCT_BUNDLE_IDENTIFIER = "Karargy.Virtual-Tourist";
				PRODUCT_NAME = "$(TARGET_NAME)";
				SWIFT_VERSION = 5.0;
				TARGETED_DEVICE_FAMILY = "1,2";
			};
			name = Debug;
		};
		D6F4EE1624608FF600777D08 /* Release */ = {
			isa = XCBuildConfiguration;
			buildSettings = {
				ASSETCATALOG_COMPILER_APPICON_NAME = AppIcon;
				CODE_SIGN_STYLE = Automatic;
				INFOPLIST_FILE = "Virtual Tourist/Info.plist";
				LD_RUNPATH_SEARCH_PATHS = (
					"$(inherited)",
					"@executable_path/Frameworks",
				);
				PRODUCT_BUNDLE_IDENTIFIER = "Karargy.Virtual-Tourist";
				PRODUCT_NAME = "$(TARGET_NAME)";
				SWIFT_VERSION = 5.0;
				TARGETED_DEVICE_FAMILY = "1,2";
			};
			name = Release;
		};
/* End XCBuildConfiguration section */

/* Begin XCConfigurationList section */
		D6F4EDFB24608FEE00777D08 /* Build configuration list for PBXProject "Virtual Tourist" */ = {
			isa = XCConfigurationList;
			buildConfigurations = (
				D6F4EE1224608FF600777D08 /* Debug */,
				D6F4EE1324608FF600777D08 /* Release */,
			);
			defaultConfigurationIsVisible = 0;
			defaultConfigurationName = Release;
		};
		D6F4EE1424608FF600777D08 /* Build configuration list for PBXNativeTarget "Virtual Tourist" */ = {
			isa = XCConfigurationList;
			buildConfigurations = (
				D6F4EE1524608FF600777D08 /* Debug */,
				D6F4EE1624608FF600777D08 /* Release */,
			);
			defaultConfigurationIsVisible = 0;
			defaultConfigurationName = Release;
		};
/* End XCConfigurationList section */

/* Begin XCVersionGroup section */
		D65501F52460DCCB007634F5 /* VirtualTourist.xcdatamodeld */ = {
			isa = XCVersionGroup;
			children = (
				D65501F62460DCCB007634F5 /* VirtualTourist.xcdatamodel */,
			);
			currentVersion = D65501F62460DCCB007634F5 /* VirtualTourist.xcdatamodel */;
			path = VirtualTourist.xcdatamodeld;
			sourceTree = "<group>";
			versionGroupType = wrapper.xcdatamodel;
		};
/* End XCVersionGroup section */
	};
	rootObject = D6F4EDF824608FED00777D08 /* Project object */;
}
